
Microsoft Visual Studio Solution File, Format Version 12.00
Project("{FAE04EC0-301F-11D3-BF4B-00C04F79EFBC}") = "TodoList.Service", "TodoList.Service\TodoList.Service.csproj", "{CA717199-A5B9-432A-9C00-B6B854BDE8D7}"
EndProject
Project("{FAE04EC0-301F-11D3-BF4B-00C04F79EFBC}") = "TodoList.Models", "TodoList.Models\TodoList.Models.csproj", "{65F1EAAC-C698-41F8-800A-A2F3A5202A8D}"
EndProject
Project("{FAE04EC0-301F-11D3-BF4B-00C04F79EFBC}") = "TodoList.DataAccess", "TodoList.DataAccess\TodoList.DataAccess.csproj", "{B4AF8DBB-0A1A-4187-814E-6B8AE191A3A5}"
EndProject
Project("{FAE04EC0-301F-11D3-BF4B-00C04F79EFBC}") = "Core", "Core\Core.csproj", "{8DA4B928-67E8-4C01-A200-B80E61614613}"
EndProject
Project("{FAE04EC0-301F-11D3-BF4B-00C04F79EFBC}") = "TodoList.API", "TodoList.API\TodoList.API.csproj", "{910F1C0A-E820-4559-B169-89E926EBAED8}"
EndProject
Project("{FAE04EC0-301F-11D3-BF4B-00C04F79EFBC}") = "Tests", "Tests\Tests.csproj", "{16FDBC3D-BEDF-4A79-8CE3-A56C480A2B70}"
EndProject
Global
	GlobalSection(SolutionConfigurationPlatforms) = preSolution
		Debug|Any CPU = Debug|Any CPU
		Release|Any CPU = Release|Any CPU
	EndGlobalSection
	GlobalSection(ProjectConfigurationPlatforms) = postSolution
		{CA717199-A5B9-432A-9C00-B6B854BDE8D7}.Debug|Any CPU.ActiveCfg = Debug|Any CPU
		{CA717199-A5B9-432A-9C00-B6B854BDE8D7}.Debug|Any CPU.Build.0 = Debug|Any CPU
		{CA717199-A5B9-432A-9C00-B6B854BDE8D7}.Release|Any CPU.ActiveCfg = Release|Any CPU
		{CA717199-A5B9-432A-9C00-B6B854BDE8D7}.Release|Any CPU.Build.0 = Release|Any CPU
		{65F1EAAC-C698-41F8-800A-A2F3A5202A8D}.Debug|Any CPU.ActiveCfg = Debug|Any CPU
		{65F1EAAC-C698-41F8-800A-A2F3A5202A8D}.Debug|Any CPU.Build.0 = Debug|Any CPU
		{65F1EAAC-C698-41F8-800A-A2F3A5202A8D}.Release|Any CPU.ActiveCfg = Release|Any CPU
		{65F1EAAC-C698-41F8-800A-A2F3A5202A8D}.Release|Any CPU.Build.0 = Release|Any CPU
		{B4AF8DBB-0A1A-4187-814E-6B8AE191A3A5}.Debug|Any CPU.ActiveCfg = Debug|Any CPU
		{B4AF8DBB-0A1A-4187-814E-6B8AE191A3A5}.Debug|Any CPU.Build.0 = Debug|Any CPU
		{B4AF8DBB-0A1A-4187-814E-6B8AE191A3A5}.Release|Any CPU.ActiveCfg = Release|Any CPU
		{B4AF8DBB-0A1A-4187-814E-6B8AE191A3A5}.Release|Any CPU.Build.0 = Release|Any CPU
		{8DA4B928-67E8-4C01-A200-B80E61614613}.Debug|Any CPU.ActiveCfg = Debug|Any CPU
		{8DA4B928-67E8-4C01-A200-B80E61614613}.Debug|Any CPU.Build.0 = Debug|Any CPU
		{8DA4B928-67E8-4C01-A200-B80E61614613}.Release|Any CPU.ActiveCfg = Release|Any CPU
		{8DA4B928-67E8-4C01-A200-B80E61614613}.Release|Any CPU.Build.0 = Release|Any CPU
		{910F1C0A-E820-4559-B169-89E926EBAED8}.Debug|Any CPU.ActiveCfg = Debug|Any CPU
		{910F1C0A-E820-4559-B169-89E926EBAED8}.Debug|Any CPU.Build.0 = Debug|Any CPU
		{910F1C0A-E820-4559-B169-89E926EBAED8}.Release|Any CPU.ActiveCfg = Release|Any CPU
		{910F1C0A-E820-4559-B169-89E926EBAED8}.Release|Any CPU.Build.0 = Release|Any CPU
		{16FDBC3D-BEDF-4A79-8CE3-A56C480A2B70}.Debug|Any CPU.ActiveCfg = Debug|Any CPU
		{16FDBC3D-BEDF-4A79-8CE3-A56C480A2B70}.Debug|Any CPU.Build.0 = Debug|Any CPU
		{16FDBC3D-BEDF-4A79-8CE3-A56C480A2B70}.Release|Any CPU.ActiveCfg = Release|Any CPU
		{16FDBC3D-BEDF-4A79-8CE3-A56C480A2B70}.Release|Any CPU.Build.0 = Release|Any CPU
	EndGlobalSection
EndGlobal
